// !$*UTF8*$!
{
	archiveVersion = 1;
	classes = {
	};
	objectVersion = 48;
	objects = {

/* Begin PBXBuildFile section */
		6DEA690B1FCE263000FF1C98 /* untitled (3).png in Resources */ = {isa = PBXBuildFile; fileRef = 6DEA690A1FCE263000FF1C98 /* untitled (3).png */; };
		6DEA690D1FCE2A3100FF1C98 /* untitled (2).png in Resources */ = {isa = PBXBuildFile; fileRef = 6DEA690C1FCE2A3100FF1C98 /* untitled (2).png */; };
		A21C519F1FC7E3B6009DB380 /* Facade.swift in Sources */ = {isa = PBXBuildFile; fileRef = A21C519E1FC7E3B6009DB380 /* Facade.swift */; };
		A21C51A11FC86A2A009DB380 /* Model.swift in Sources */ = {isa = PBXBuildFile; fileRef = A21C51A01FC86A2A009DB380 /* Model.swift */; };
		A21C51A31FC8F979009DB380 /* WindowView.xib in Resources */ = {isa = PBXBuildFile; fileRef = A21C51A21FC8F979009DB380 /* WindowView.xib */; };
		A21C51A51FC90496009DB380 /* WindowView.swift in Sources */ = {isa = PBXBuildFile; fileRef = A21C51A41FC90495009DB380 /* WindowView.swift */; };
		A23ADEC01FC6BB50005776DF /* mapConf.json in Resources */ = {isa = PBXBuildFile; fileRef = A23ADEBF1FC6BB4F005776DF /* mapConf.json */; };
		A242917C1FC24840007C0AF4 /* AppDelegate.swift in Sources */ = {isa = PBXBuildFile; fileRef = A242917B1FC24840007C0AF4 /* AppDelegate.swift */; };
		A242917E1FC24840007C0AF4 /* ViewController.swift in Sources */ = {isa = PBXBuildFile; fileRef = A242917D1FC24840007C0AF4 /* ViewController.swift */; };
		A24291811FC24840007C0AF4 /* Main.storyboard in Resources */ = {isa = PBXBuildFile; fileRef = A242917F1FC24840007C0AF4 /* Main.storyboard */; };
		A24291831FC24840007C0AF4 /* Assets.xcassets in Resources */ = {isa = PBXBuildFile; fileRef = A24291821FC24840007C0AF4 /* Assets.xcassets */; };
		A24291861FC24840007C0AF4 /* LaunchScreen.storyboard in Resources */ = {isa = PBXBuildFile; fileRef = A24291841FC24840007C0AF4 /* LaunchScreen.storyboard */; };
		A24291911FC24840007C0AF4 /* EnciclaTests.swift in Sources */ = {isa = PBXBuildFile; fileRef = A24291901FC24840007C0AF4 /* EnciclaTests.swift */; };
		A242919C1FC24840007C0AF4 /* EnciclaUITests.swift in Sources */ = {isa = PBXBuildFile; fileRef = A242919B1FC24840007C0AF4 /* EnciclaUITests.swift */; };
		C9F9B68E8AE690EB079E8D88 /* Pods_Encicla.framework in Frameworks */ = {isa = PBXBuildFile; fileRef = 5F4BFE05CEE1F5FD9820E7BD /* Pods_Encicla.framework */; };
/* End PBXBuildFile section */

/* Begin PBXContainerItemProxy section */
		A242918D1FC24840007C0AF4 /* PBXContainerItemProxy */ = {
			isa = PBXContainerItemProxy;
			containerPortal = A24291701FC24840007C0AF4 /* Project object */;
			proxyType = 1;
			remoteGlobalIDString = A24291771FC24840007C0AF4;
			remoteInfo = Encicla;
		};
		A24291981FC24840007C0AF4 /* PBXContainerItemProxy */ = {
			isa = PBXContainerItemProxy;
			containerPortal = A24291701FC24840007C0AF4 /* Project object */;
			proxyType = 1;
			remoteGlobalIDString = A24291771FC24840007C0AF4;
			remoteInfo = Encicla;
		};
/* End PBXContainerItemProxy section */

/* Begin PBXFileReference section */
		4F96D70028924B82DBBA21C0 /* Pods-Encicla.release.xcconfig */ = {isa = PBXFileReference; includeInIndex = 1; lastKnownFileType = text.xcconfig; name = "Pods-Encicla.release.xcconfig"; path = "Pods/Target Support Files/Pods-Encicla/Pods-Encicla.release.xcconfig"; sourceTree = "<group>"; };
		5F4BFE05CEE1F5FD9820E7BD /* Pods_Encicla.framework */ = {isa = PBXFileReference; explicitFileType = wrapper.framework; includeInIndex = 0; path = Pods_Encicla.framework; sourceTree = BUILT_PRODUCTS_DIR; };
		6DEA690A1FCE263000FF1C98 /* untitled (3).png */ = {isa = PBXFileReference; lastKnownFileType = image.png; name = "untitled (3).png"; path = "../../../Downloads/untitled (3).png"; sourceTree = "<group>"; };
		6DEA690C1FCE2A3100FF1C98 /* untitled (2).png */ = {isa = PBXFileReference; lastKnownFileType = image.png; name = "untitled (2).png"; path = "../../../Downloads/untitled (2).png"; sourceTree = "<group>"; };
		A21C519E1FC7E3B6009DB380 /* Facade.swift */ = {isa = PBXFileReference; lastKnownFileType = sourcecode.swift; path = Facade.swift; sourceTree = "<group>"; };
		A21C51A01FC86A2A009DB380 /* Model.swift */ = {isa = PBXFileReference; lastKnownFileType = sourcecode.swift; path = Model.swift; sourceTree = "<group>"; };
		A21C51A21FC8F979009DB380 /* WindowView.xib */ = {isa = PBXFileReference; lastKnownFileType = file.xib; path = WindowView.xib; sourceTree = "<group>"; };
		A21C51A41FC90495009DB380 /* WindowView.swift */ = {isa = PBXFileReference; lastKnownFileType = sourcecode.swift; path = WindowView.swift; sourceTree = "<group>"; };
		A23ADEBF1FC6BB4F005776DF /* mapConf.json */ = {isa = PBXFileReference; fileEncoding = 4; lastKnownFileType = text.json; path = mapConf.json; sourceTree = "<group>"; };
		A24291781FC24840007C0AF4 /* Encicla.app */ = {isa = PBXFileReference; explicitFileType = wrapper.application; includeInIndex = 0; path = Encicla.app; sourceTree = BUILT_PRODUCTS_DIR; };
		A242917B1FC24840007C0AF4 /* AppDelegate.swift */ = {isa = PBXFileReference; lastKnownFileType = sourcecode.swift; path = AppDelegate.swift; sourceTree = "<group>"; };
		A242917D1FC24840007C0AF4 /* ViewController.swift */ = {isa = PBXFileReference; lastKnownFileType = sourcecode.swift; path = ViewController.swift; sourceTree = "<group>"; };
		A24291801FC24840007C0AF4 /* Base */ = {isa = PBXFileReference; lastKnownFileType = file.storyboard; name = Base; path = Base.lproj/Main.storyboard; sourceTree = "<group>"; };
		A24291821FC24840007C0AF4 /* Assets.xcassets */ = {isa = PBXFileReference; lastKnownFileType = folder.assetcatalog; path = Assets.xcassets; sourceTree = "<group>"; };
		A24291851FC24840007C0AF4 /* Base */ = {isa = PBXFileReference; lastKnownFileType = file.storyboard; name = Base; path = Base.lproj/LaunchScreen.storyboard; sourceTree = "<group>"; };
		A24291871FC24840007C0AF4 /* Info.plist */ = {isa = PBXFileReference; lastKnownFileType = text.plist.xml; path = Info.plist; sourceTree = "<group>"; };
		A242918C1FC24840007C0AF4 /* EnciclaTests.xctest */ = {isa = PBXFileReference; explicitFileType = wrapper.cfbundle; includeInIndex = 0; path = EnciclaTests.xctest; sourceTree = BUILT_PRODUCTS_DIR; };
		A24291901FC24840007C0AF4 /* EnciclaTests.swift */ = {isa = PBXFileReference; lastKnownFileType = sourcecode.swift; path = EnciclaTests.swift; sourceTree = "<group>"; };
		A24291921FC24840007C0AF4 /* Info.plist */ = {isa = PBXFileReference; lastKnownFileType = text.plist.xml; path = Info.plist; sourceTree = "<group>"; };
		A24291971FC24840007C0AF4 /* EnciclaUITests.xctest */ = {isa = PBXFileReference; explicitFileType = wrapper.cfbundle; includeInIndex = 0; path = EnciclaUITests.xctest; sourceTree = BUILT_PRODUCTS_DIR; };
		A242919B1FC24840007C0AF4 /* EnciclaUITests.swift */ = {isa = PBXFileReference; lastKnownFileType = sourcecode.swift; path = EnciclaUITests.swift; sourceTree = "<group>"; };
		A242919D1FC24840007C0AF4 /* Info.plist */ = {isa = PBXFileReference; lastKnownFileType = text.plist.xml; path = Info.plist; sourceTree = "<group>"; };
		EC1012471FFBC8ABD64AE4BF /* Pods-Encicla.debug.xcconfig */ = {isa = PBXFileReference; includeInIndex = 1; lastKnownFileType = text.xcconfig; name = "Pods-Encicla.debug.xcconfig"; path = "Pods/Target Support Files/Pods-Encicla/Pods-Encicla.debug.xcconfig"; sourceTree = "<group>"; };
/* End PBXFileReference section */

/* Begin PBXFrameworksBuildPhase section */
		A24291751FC24840007C0AF4 /* Frameworks */ = {
			isa = PBXFrameworksBuildPhase;
			buildActionMask = 2147483647;
			files = (
				C9F9B68E8AE690EB079E8D88 /* Pods_Encicla.framework in Frameworks */,
			);
			runOnlyForDeploymentPostprocessing = 0;
		};
		A24291891FC24840007C0AF4 /* Frameworks */ = {
			isa = PBXFrameworksBuildPhase;
			buildActionMask = 2147483647;
			files = (
			);
			runOnlyForDeploymentPostprocessing = 0;
		};
		A24291941FC24840007C0AF4 /* Frameworks */ = {
			isa = PBXFrameworksBuildPhase;
			buildActionMask = 2147483647;
			files = (
			);
			runOnlyForDeploymentPostprocessing = 0;
		};
/* End PBXFrameworksBuildPhase section */

/* Begin PBXGroup section */
		30FCA1612BA47AD7A6D9B5EB /* Frameworks */ = {
			isa = PBXGroup;
			children = (
				5F4BFE05CEE1F5FD9820E7BD /* Pods_Encicla.framework */,
			);
			name = Frameworks;
			sourceTree = "<group>";
		};
		4202B90EF638C546845EC0E7 /* Pods */ = {
			isa = PBXGroup;
			children = (
				EC1012471FFBC8ABD64AE4BF /* Pods-Encicla.debug.xcconfig */,
				4F96D70028924B82DBBA21C0 /* Pods-Encicla.release.xcconfig */,
			);
			name = Pods;
			sourceTree = "<group>";
		};
		A242916F1FC24840007C0AF4 = {
			isa = PBXGroup;
			children = (
				A242917A1FC24840007C0AF4 /* Encicla */,
				A242918F1FC24840007C0AF4 /* EnciclaTests */,
				A242919A1FC24840007C0AF4 /* EnciclaUITests */,
				A24291791FC24840007C0AF4 /* Products */,
				4202B90EF638C546845EC0E7 /* Pods */,
				30FCA1612BA47AD7A6D9B5EB /* Frameworks */,
			);
			sourceTree = "<group>";
		};
		A24291791FC24840007C0AF4 /* Products */ = {
			isa = PBXGroup;
			children = (
				A24291781FC24840007C0AF4 /* Encicla.app */,
				A242918C1FC24840007C0AF4 /* EnciclaTests.xctest */,
				A24291971FC24840007C0AF4 /* EnciclaUITests.xctest */,
			);
			name = Products;
			sourceTree = "<group>";
		};
		A242917A1FC24840007C0AF4 /* Encicla */ = {
			isa = PBXGroup;
			children = (
				A21C51A21FC8F979009DB380 /* WindowView.xib */,
				A21C51A41FC90495009DB380 /* WindowView.swift */,
				A242917B1FC24840007C0AF4 /* AppDelegate.swift */,
				A242917D1FC24840007C0AF4 /* ViewController.swift */,
				A21C51A01FC86A2A009DB380 /* Model.swift */,
				A21C519E1FC7E3B6009DB380 /* Facade.swift */,
				A23ADEBF1FC6BB4F005776DF /* mapConf.json */,
				A242917F1FC24840007C0AF4 /* Main.storyboard */,
				6DEA690A1FCE263000FF1C98 /* untitled (3).png */,
				6DEA690C1FCE2A3100FF1C98 /* untitled (2).png */,
				A24291821FC24840007C0AF4 /* Assets.xcassets */,
				A24291841FC24840007C0AF4 /* LaunchScreen.storyboard */,
				A24291871FC24840007C0AF4 /* Info.plist */,
			);
			path = Encicla;
			sourceTree = "<group>";
		};
		A242918F1FC24840007C0AF4 /* EnciclaTests */ = {
			isa = PBXGroup;
			children = (
				A24291901FC24840007C0AF4 /* EnciclaTests.swift */,
				A24291921FC24840007C0AF4 /* Info.plist */,
			);
			path = EnciclaTests;
			sourceTree = "<group>";
		};
		A242919A1FC24840007C0AF4 /* EnciclaUITests */ = {
			isa = PBXGroup;
			children = (
				A242919B1FC24840007C0AF4 /* EnciclaUITests.swift */,
				A242919D1FC24840007C0AF4 /* Info.plist */,
			);
			path = EnciclaUITests;
			sourceTree = "<group>";
		};
/* End PBXGroup section */

/* Begin PBXNativeTarget section */
		A24291771FC24840007C0AF4 /* Encicla */ = {
			isa = PBXNativeTarget;
			buildConfigurationList = A24291A01FC24840007C0AF4 /* Build configuration list for PBXNativeTarget "Encicla" */;
			buildPhases = (
				9A889CCD9686E495F0A3453C /* [CP] Check Pods Manifest.lock */,
				A24291741FC24840007C0AF4 /* Sources */,
				A24291751FC24840007C0AF4 /* Frameworks */,
				A24291761FC24840007C0AF4 /* Resources */,
				6C2A925AD5F6826D8AA2932C /* [CP] Embed Pods Frameworks */,
				58303553C4EE85F7CA770BC1 /* [CP] Copy Pods Resources */,
			);
			buildRules = (
			);
			dependencies = (
			);
			name = Encicla;
			productName = Encicla;
			productReference = A24291781FC24840007C0AF4 /* Encicla.app */;
			productType = "com.apple.product-type.application";
		};
		A242918B1FC24840007C0AF4 /* EnciclaTests */ = {
			isa = PBXNativeTarget;
			buildConfigurationList = A24291A31FC24840007C0AF4 /* Build configuration list for PBXNativeTarget "EnciclaTests" */;
			buildPhases = (
				A24291881FC24840007C0AF4 /* Sources */,
				A24291891FC24840007C0AF4 /* Frameworks */,
				A242918A1FC24840007C0AF4 /* Resources */,
			);
			buildRules = (
			);
			dependencies = (
				A242918E1FC24840007C0AF4 /* PBXTargetDependency */,
			);
			name = EnciclaTests;
			productName = EnciclaTests;
			productReference = A242918C1FC24840007C0AF4 /* EnciclaTests.xctest */;
			productType = "com.apple.product-type.bundle.unit-test";
		};
		A24291961FC24840007C0AF4 /* EnciclaUITests */ = {
			isa = PBXNativeTarget;
			buildConfigurationList = A24291A61FC24840007C0AF4 /* Build configuration list for PBXNativeTarget "EnciclaUITests" */;
			buildPhases = (
				A24291931FC24840007C0AF4 /* Sources */,
				A24291941FC24840007C0AF4 /* Frameworks */,
				A24291951FC24840007C0AF4 /* Resources */,
			);
			buildRules = (
			);
			dependencies = (
				A24291991FC24840007C0AF4 /* PBXTargetDependency */,
			);
			name = EnciclaUITests;
			productName = EnciclaUITests;
			productReference = A24291971FC24840007C0AF4 /* EnciclaUITests.xctest */;
			productType = "com.apple.product-type.bundle.ui-testing";
		};
/* End PBXNativeTarget section */

/* Begin PBXProject section */
		A24291701FC24840007C0AF4 /* Project object */ = {
			isa = PBXProject;
			attributes = {
				LastSwiftUpdateCheck = 0910;
				LastUpgradeCheck = 0910;
				ORGANIZATIONNAME = "Mateo Echeverri";
				TargetAttributes = {
					A24291771FC24840007C0AF4 = {
						CreatedOnToolsVersion = 9.1;
						ProvisioningStyle = Automatic;
					};
					A242918B1FC24840007C0AF4 = {
						CreatedOnToolsVersion = 9.1;
						ProvisioningStyle = Automatic;
						TestTargetID = A24291771FC24840007C0AF4;
					};
					A24291961FC24840007C0AF4 = {
						CreatedOnToolsVersion = 9.1;
						ProvisioningStyle = Automatic;
						TestTargetID = A24291771FC24840007C0AF4;
					};
				};
			};
			buildConfigurationList = A24291731FC24840007C0AF4 /* Build configuration list for PBXProject "Encicla" */;
			compatibilityVersion = "Xcode 8.0";
			developmentRegion = en;
			hasScannedForEncodings = 0;
			knownRegions = (
				en,
				Base,
			);
			mainGroup = A242916F1FC24840007C0AF4;
			productRefGroup = A24291791FC24840007C0AF4 /* Products */;
			projectDirPath = "";
			projectRoot = "";
			targets = (
				A24291771FC24840007C0AF4 /* Encicla */,
				A242918B1FC24840007C0AF4 /* EnciclaTests */,
				A24291961FC24840007C0AF4 /* EnciclaUITests */,
			);
		};
/* End PBXProject section */

/* Begin PBXResourcesBuildPhase section */
		A24291761FC24840007C0AF4 /* Resources */ = {
			isa = PBXResourcesBuildPhase;
			buildActionMask = 2147483647;
			files = (
				A23ADEC01FC6BB50005776DF /* mapConf.json in Resources */,
				6DEA690B1FCE263000FF1C98 /* untitled (3).png in Resources */,
				A21C51A31FC8F979009DB380 /* WindowView.xib in Resources */,
				6DEA690D1FCE2A3100FF1C98 /* untitled (2).png in Resources */,
				A24291861FC24840007C0AF4 /* LaunchScreen.storyboard in Resources */,
				A24291831FC24840007C0AF4 /* Assets.xcassets in Resources */,
				A24291811FC24840007C0AF4 /* Main.storyboard in Resources */,
			);
			runOnlyForDeploymentPostprocessing = 0;
		};
		A242918A1FC24840007C0AF4 /* Resources */ = {
			isa = PBXResourcesBuildPhase;
			buildActionMask = 2147483647;
			files = (
			);
			runOnlyForDeploymentPostprocessing = 0;
		};
		A24291951FC24840007C0AF4 /* Resources */ = {
			isa = PBXResourcesBuildPhase;
			buildActionMask = 2147483647;
			files = (
			);
			runOnlyForDeploymentPostprocessing = 0;
		};
/* End PBXResourcesBuildPhase section */

/* Begin PBXShellScriptBuildPhase section */
		58303553C4EE85F7CA770BC1 /* [CP] Copy Pods Resources */ = {
			isa = PBXShellScriptBuildPhase;
			buildActionMask = 2147483647;
			files = (
			);
			inputPaths = (
				"${SRCROOT}/Pods/Target Support Files/Pods-Encicla/Pods-Encicla-resources.sh",
				"${PODS_ROOT}/GoogleMaps/Maps/Frameworks/GoogleMaps.framework/Resources/GoogleMaps.bundle",
			);
			name = "[CP] Copy Pods Resources";
			outputPaths = (
				"${TARGET_BUILD_DIR}/${UNLOCALIZED_RESOURCES_FOLDER_PATH}",
			);
			runOnlyForDeploymentPostprocessing = 0;
			shellPath = /bin/sh;
			shellScript = "\"${SRCROOT}/Pods/Target Support Files/Pods-Encicla/Pods-Encicla-resources.sh\"\n";
			showEnvVarsInLog = 0;
		};
		6C2A925AD5F6826D8AA2932C /* [CP] Embed Pods Frameworks */ = {
			isa = PBXShellScriptBuildPhase;
			buildActionMask = 2147483647;
			files = (
			);
			inputPaths = (
				"${SRCROOT}/Pods/Target Support Files/Pods-Encicla/Pods-Encicla-frameworks.sh",
				"${BUILT_PRODUCTS_DIR}/Alamofire/Alamofire.framework",
				"${BUILT_PRODUCTS_DIR}/AlamofireImage/AlamofireImage.framework",
			);
			name = "[CP] Embed Pods Frameworks";
			outputPaths = (
				"${TARGET_BUILD_DIR}/${FRAMEWORKS_FOLDER_PATH}/Alamofire.framework",
				"${TARGET_BUILD_DIR}/${FRAMEWORKS_FOLDER_PATH}/AlamofireImage.framework",
			);
			runOnlyForDeploymentPostprocessing = 0;
			shellPath = /bin/sh;
			shellScript = "\"${SRCROOT}/Pods/Target Support Files/Pods-Encicla/Pods-Encicla-frameworks.sh\"\n";
			showEnvVarsInLog = 0;
		};
		9A889CCD9686E495F0A3453C /* [CP] Check Pods Manifest.lock */ = {
			isa = PBXShellScriptBuildPhase;
			buildActionMask = 2147483647;
			files = (
			);
			inputPaths = (
				"${PODS_PODFILE_DIR_PATH}/Podfile.lock",
				"${PODS_ROOT}/Manifest.lock",
			);
			name = "[CP] Check Pods Manifest.lock";
			outputPaths = (
				"$(DERIVED_FILE_DIR)/Pods-Encicla-checkManifestLockResult.txt",
			);
			runOnlyForDeploymentPostprocessing = 0;
			shellPath = /bin/sh;
			shellScript = "diff \"${PODS_PODFILE_DIR_PATH}/Podfile.lock\" \"${PODS_ROOT}/Manifest.lock\" > /dev/null\nif [ $? != 0 ] ; then\n    # print error to STDERR\n    echo \"error: The sandbox is not in sync with the Podfile.lock. Run 'pod install' or update your CocoaPods installation.\" >&2\n    exit 1\nfi\n# This output is used by Xcode 'outputs' to avoid re-running this script phase.\necho \"SUCCESS\" > \"${SCRIPT_OUTPUT_FILE_0}\"\n";
			showEnvVarsInLog = 0;
		};
/* End PBXShellScriptBuildPhase section */

/* Begin PBXSourcesBuildPhase section */
		A24291741FC24840007C0AF4 /* Sources */ = {
			isa = PBXSourcesBuildPhase;
			buildActionMask = 2147483647;
			files = (
				A21C51A51FC90496009DB380 /* WindowView.swift in Sources */,
				A21C519F1FC7E3B6009DB380 /* Facade.swift in Sources */,
				A242917E1FC24840007C0AF4 /* ViewController.swift in Sources */,
				A242917C1FC24840007C0AF4 /* AppDelegate.swift in Sources */,
				A21C51A11FC86A2A009DB380 /* Model.swift in Sources */,
			);
			runOnlyForDeploymentPostprocessing = 0;
		};
		A24291881FC24840007C0AF4 /* Sources */ = {
			isa = PBXSourcesBuildPhase;
			buildActionMask = 2147483647;
			files = (
				A24291911FC24840007C0AF4 /* EnciclaTests.swift in Sources */,
			);
			runOnlyForDeploymentPostprocessing = 0;
		};
		A24291931FC24840007C0AF4 /* Sources */ = {
			isa = PBXSourcesBuildPhase;
			buildActionMask = 2147483647;
			files = (
				A242919C1FC24840007C0AF4 /* EnciclaUITests.swift in Sources */,
			);
			runOnlyForDeploymentPostprocessing = 0;
		};
/* End PBXSourcesBuildPhase section */

/* Begin PBXTargetDependency section */
		A242918E1FC24840007C0AF4 /* PBXTargetDependency */ = {
			isa = PBXTargetDependency;
			target = A24291771FC24840007C0AF4 /* Encicla */;
			targetProxy = A242918D1FC24840007C0AF4 /* PBXContainerItemProxy */;
		};
		A24291991FC24840007C0AF4 /* PBXTargetDependency */ = {
			isa = PBXTargetDependency;
			target = A24291771FC24840007C0AF4 /* Encicla */;
			targetProxy = A24291981FC24840007C0AF4 /* PBXContainerItemProxy */;
		};
/* End PBXTargetDependency section */

/* Begin PBXVariantGroup section */
		A242917F1FC24840007C0AF4 /* Main.storyboard */ = {
			isa = PBXVariantGroup;
			children = (
				A24291801FC24840007C0AF4 /* Base */,
			);
			name = Main.storyboard;
			sourceTree = "<group>";
		};
		A24291841FC24840007C0AF4 /* LaunchScreen.storyboard */ = {
			isa = PBXVariantGroup;
			children = (
				A24291851FC24840007C0AF4 /* Base */,
			);
			name = LaunchScreen.storyboard;
			sourceTree = "<group>";
		};
/* End PBXVariantGroup section */

/* Begin XCBuildConfiguration section */
		A242919E1FC24840007C0AF4 /* Debug */ = {
			isa = XCBuildConfiguration;
			buildSettings = {
				ALWAYS_SEARCH_USER_PATHS = NO;
				CLANG_ANALYZER_NONNULL = YES;
				CLANG_ANALYZER_NUMBER_OBJECT_CONVERSION = YES_AGGRESSIVE;
				CLANG_CXX_LANGUAGE_STANDARD = "gnu++14";
				CLANG_CXX_LIBRARY = "libc++";
				CLANG_ENABLE_MODULES = YES;
				CLANG_ENABLE_OBJC_ARC = YES;
				CLANG_WARN_BLOCK_CAPTURE_AUTORELEASING = YES;
				CLANG_WARN_BOOL_CONVERSION = YES;
				CLANG_WARN_COMMA = YES;
				CLANG_WARN_CONSTANT_CONVERSION = YES;
				CLANG_WARN_DIRECT_OBJC_ISA_USAGE = YES_ERROR;
				CLANG_WARN_DOCUMENTATION_COMMENTS = YES;
				CLANG_WARN_EMPTY_BODY = YES;
				CLANG_WARN_ENUM_CONVERSION = YES;
				CLANG_WARN_INFINITE_RECURSION = YES;
				CLANG_WARN_INT_CONVERSION = YES;
				CLANG_WARN_NON_LITERAL_NULL_CONVERSION = YES;
				CLANG_WARN_OBJC_LITERAL_CONVERSION = YES;
				CLANG_WARN_OBJC_ROOT_CLASS = YES_ERROR;
				CLANG_WARN_RANGE_LOOP_ANALYSIS = YES;
				CLANG_WARN_STRICT_PROTOTYPES = YES;
				CLANG_WARN_SUSPICIOUS_MOVE = YES;
				CLANG_WARN_UNGUARDED_AVAILABILITY = YES_AGGRESSIVE;
				CLANG_WARN_UNREACHABLE_CODE = YES;
				CLANG_WARN__DUPLICATE_METHOD_MATCH = YES;
				CODE_SIGN_IDENTITY = "iPhone Developer";
				COPY_PHASE_STRIP = NO;
				DEBUG_INFORMATION_FORMAT = dwarf;
				ENABLE_STRICT_OBJC_MSGSEND = YES;
				ENABLE_TESTABILITY = YES;
				GCC_C_LANGUAGE_STANDARD = gnu11;
				GCC_DYNAMIC_NO_PIC = NO;
				GCC_NO_COMMON_BLOCKS = YES;
				GCC_OPTIMIZATION_LEVEL = 0;
				GCC_PREPROCESSOR_DEFINITIONS = (
					"DEBUG=1",
					"$(inherited)",
				);
				GCC_WARN_64_TO_32_BIT_CONVERSION = YES;
				GCC_WARN_ABOUT_RETURN_TYPE = YES_ERROR;
				GCC_WARN_UNDECLARED_SELECTOR = YES;
				GCC_WARN_UNINITIALIZED_AUTOS = YES_AGGRESSIVE;
				GCC_WARN_UNUSED_FUNCTION = YES;
				GCC_WARN_UNUSED_VARIABLE = YES;
				IPHONEOS_DEPLOYMENT_TARGET = 11.1;
				MTL_ENABLE_DEBUG_INFO = YES;
				ONLY_ACTIVE_ARCH = YES;
				SDKROOT = iphoneos;
				SWIFT_ACTIVE_COMPILATION_CONDITIONS = DEBUG;
				SWIFT_OPTIMIZATION_LEVEL = "-Onone";
			};
			name = Debug;
		};
		A242919F1FC24840007C0AF4 /* Release */ = {
			isa = XCBuildConfiguration;
			buildSettings = {
				ALWAYS_SEARCH_USER_PATHS = NO;
				CLANG_ANALYZER_NONNULL = YES;
				CLANG_ANALYZER_NUMBER_OBJECT_CONVERSION = YES_AGGRESSIVE;
				CLANG_CXX_LANGUAGE_STANDARD = "gnu++14";
				CLANG_CXX_LIBRARY = "libc++";
				CLANG_ENABLE_MODULES = YES;
				CLANG_ENABLE_OBJC_ARC = YES;
				CLANG_WARN_BLOCK_CAPTURE_AUTORELEASING = YES;
				CLANG_WARN_BOOL_CONVERSION = YES;
				CLANG_WARN_COMMA = YES;
				CLANG_WARN_CONSTANT_CONVERSION = YES;
				CLANG_WARN_DIRECT_OBJC_ISA_USAGE = YES_ERROR;
				CLANG_WARN_DOCUMENTATION_COMMENTS = YES;
				CLANG_WARN_EMPTY_BODY = YES;
				CLANG_WARN_ENUM_CONVERSION = YES;
				CLANG_WARN_INFINITE_RECURSION = YES;
				CLANG_WARN_INT_CONVERSION = YES;
				CLANG_WARN_NON_LITERAL_NULL_CONVERSION = YES;
				CLANG_WARN_OBJC_LITERAL_CONVERSION = YES;
				CLANG_WARN_OBJC_ROOT_CLASS = YES_ERROR;
				CLANG_WARN_RANGE_LOOP_ANALYSIS = YES;
				CLANG_WARN_STRICT_PROTOTYPES = YES;
				CLANG_WARN_SUSPICIOUS_MOVE = YES;
				CLANG_WARN_UNGUARDED_AVAILABILITY = YES_AGGRESSIVE;
				CLANG_WARN_UNREACHABLE_CODE = YES;
				CLANG_WARN__DUPLICATE_METHOD_MATCH = YES;
				CODE_SIGN_IDENTITY = "iPhone Developer";
				COPY_PHASE_STRIP = NO;
				DEBUG_INFORMATION_FORMAT = "dwarf-with-dsym";
				ENABLE_NS_ASSERTIONS = NO;
				ENABLE_STRICT_OBJC_MSGSEND = YES;
				GCC_C_LANGUAGE_STANDARD = gnu11;
				GCC_NO_COMMON_BLOCKS = YES;
				GCC_WARN_64_TO_32_BIT_CONVERSION = YES;
				GCC_WARN_ABOUT_RETURN_TYPE = YES_ERROR;
				GCC_WARN_UNDECLARED_SELECTOR = YES;
				GCC_WARN_UNINITIALIZED_AUTOS = YES_AGGRESSIVE;
				GCC_WARN_UNUSED_FUNCTION = YES;
				GCC_WARN_UNUSED_VARIABLE = YES;
				IPHONEOS_DEPLOYMENT_TARGET = 11.1;
				MTL_ENABLE_DEBUG_INFO = NO;
				SDKROOT = iphoneos;
				SWIFT_OPTIMIZATION_LEVEL = "-Owholemodule";
				VALIDATE_PRODUCT = YES;
			};
			name = Release;
		};
		A24291A11FC24840007C0AF4 /* Debug */ = {
			isa = XCBuildConfiguration;
			baseConfigurationReference = EC1012471FFBC8ABD64AE4BF /* Pods-Encicla.debug.xcconfig */;
			buildSettings = {
				ASSETCATALOG_COMPILER_APPICON_NAME = AppIcon;
				CODE_SIGN_STYLE = Automatic;
				DEVELOPMENT_TEAM = TNXDZHT5MY;
				INFOPLIST_FILE = Encicla/Info.plist;
				IPHONEOS_DEPLOYMENT_TARGET = 10.0;
				LD_RUNPATH_SEARCH_PATHS = "$(inherited) @executable_path/Frameworks";
				PRODUCT_BUNDLE_IDENTIFIER = Mateo.Encicla;
				PRODUCT_NAME = "$(TARGET_NAME)";
				SWIFT_VERSION = 4.0;
				TARGETED_DEVICE_FAMILY = "1,2";
			};
			name = Debug;
		};
		A24291A21FC24840007C0AF4 /* Release */ = {
			isa = XCBuildConfiguration;
			baseConfigurationReference = 4F96D70028924B82DBBA21C0 /* Pods-Encicla.release.xcconfig */;
			buildSettings = {
				ASSETCATALOG_COMPILER_APPICON_NAME = AppIcon;
				CODE_SIGN_STYLE = Automatic;
				DEVELOPMENT_TEAM = TNXDZHT5MY;
				INFOPLIST_FILE = Encicla/Info.plist;
				IPHONEOS_DEPLOYMENT_TARGET = 10.0;
				LD_RUNPATH_SEARCH_PATHS = "$(inherited) @executable_path/Frameworks";
				PRODUCT_BUNDLE_IDENTIFIER = Mateo.Encicla;
				PRODUCT_NAME = "$(TARGET_NAME)";
				SWIFT_VERSION = 4.0;
				TARGETED_DEVICE_FAMILY = "1,2";
			};
			name = Release;
		};
		A24291A41FC24840007C0AF4 /* Debug */ = {
			isa = XCBuildConfiguration;
			buildSettings = {
				ALWAYS_EMBED_SWIFT_STANDARD_LIBRARIES = YES;
				BUNDLE_LOADER = "$(TEST_HOST)";
				CODE_SIGN_STYLE = Automatic;
				INFOPLIST_FILE = EnciclaTests/Info.plist;
				LD_RUNPATH_SEARCH_PATHS = "$(inherited) @executable_path/Frameworks @loader_path/Frameworks";
				PRODUCT_BUNDLE_IDENTIFIER = Mateo.EnciclaTests;
				PRODUCT_NAME = "$(TARGET_NAME)";
				SWIFT_VERSION = 4.0;
				TARGETED_DEVICE_FAMILY = "1,2";
				TEST_HOST = "$(BUILT_PRODUCTS_DIR)/Encicla.app/Encicla";
			};
			name = Debug;
		};
		A24291A51FC24840007C0AF4 /* Release */ = {
			isa = XCBuildConfiguration;
			buildSettings = {
				ALWAYS_EMBED_SWIFT_STANDARD_LIBRARIES = YES;
				BUNDLE_LOADER = "$(TEST_HOST)";
				CODE_SIGN_STYLE = Automatic;
				INFOPLIST_FILE = EnciclaTests/Info.plist;
				LD_RUNPATH_SEARCH_PATHS = "$(inherited) @executable_path/Frameworks @loader_path/Frameworks";
				PRODUCT_BUNDLE_IDENTIFIER = Mateo.EnciclaTests;
				PRODUCT_NAME = "$(TARGET_NAME)";
				SWIFT_VERSION = 4.0;
				TARGETED_DEVICE_FAMILY = "1,2";
				TEST_HOST = "$(BUILT_PRODUCTS_DIR)/Encicla.app/Encicla";
			};
			name = Release;
		};
		A24291A71FC24840007C0AF4 /* Debug */ = {
			isa = XCBuildConfiguration;
			buildSettings = {
				ALWAYS_EMBED_SWIFT_STANDARD_LIBRARIES = YES;
				CODE_SIGN_STYLE = Automatic;
				INFOPLIST_FILE = EnciclaUITests/Info.plist;
				LD_RUNPATH_SEARCH_PATHS = "$(inherited) @executable_path/Frameworks @loader_path/Frameworks";
				PRODUCT_BUNDLE_IDENTIFIER = Mateo.EnciclaUITests;
				PRODUCT_NAME = "$(TARGET_NAME)";
				SWIFT_VERSION = 4.0;
				TARGETED_DEVICE_FAMILY = "1,2";
				TEST_TARGET_NAME = Encicla;
			};
			name = Debug;
		};
		A24291A81FC24840007C0AF4 /* Release */ = {
			isa = XCBuildConfiguration;
			buildSettings = {
				ALWAYS_EMBED_SWIFT_STANDARD_LIBRARIES = YES;
				CODE_SIGN_STYLE = Automatic;
				INFOPLIST_FILE = EnciclaUITests/Info.plist;
				LD_RUNPATH_SEARCH_PATHS = "$(inherited) @executable_path/Frameworks @loader_path/Frameworks";
				PRODUCT_BUNDLE_IDENTIFIER = Mateo.EnciclaUITests;
				PRODUCT_NAME = "$(TARGET_NAME)";
				SWIFT_VERSION = 4.0;
				TARGETED_DEVICE_FAMILY = "1,2";
				TEST_TARGET_NAME = Encicla;
			};
			name = Release;
		};
/* End XCBuildConfiguration section */

/* Begin XCConfigurationList section */
		A24291731FC24840007C0AF4 /* Build configuration list for PBXProject "Encicla" */ = {
			isa = XCConfigurationList;
			buildConfigurations = (
				A242919E1FC24840007C0AF4 /* Debug */,
				A242919F1FC24840007C0AF4 /* Release */,
			);
			defaultConfigurationIsVisible = 0;
			defaultConfigurationName = Release;
		};
		A24291A01FC24840007C0AF4 /* Build configuration list for PBXNativeTarget "Encicla" */ = {
			isa = XCConfigurationList;
			buildConfigurations = (
				A24291A11FC24840007C0AF4 /* Debug */,
				A24291A21FC24840007C0AF4 /* Release */,
			);
			defaultConfigurationIsVisible = 0;
			defaultConfigurationName = Release;
		};
		A24291A31FC24840007C0AF4 /* Build configuration list for PBXNativeTarget "EnciclaTests" */ = {
			isa = XCConfigurationList;
			buildConfigurations = (
				A24291A41FC24840007C0AF4 /* Debug */,
				A24291A51FC24840007C0AF4 /* Release */,
			);
			defaultConfigurationIsVisible = 0;
			defaultConfigurationName = Release;
		};
		A24291A61FC24840007C0AF4 /* Build configuration list for PBXNativeTarget "EnciclaUITests" */ = {
			isa = XCConfigurationList;
			buildConfigurations = (
				A24291A71FC24840007C0AF4 /* Debug */,
				A24291A81FC24840007C0AF4 /* Release */,
			);
			defaultConfigurationIsVisible = 0;
			defaultConfigurationName = Release;
		};
/* End XCConfigurationList section */
	};
	rootObject = A24291701FC24840007C0AF4 /* Project object */;
}
